
Microsoft Visual Studio Solution File, Format Version 12.00
# Visual Studio 2013
VisualStudioVersion = 12.0.40629.0
MinimumVisualStudioVersion = 10.0.40219.1
Project("{FAE04EC0-301F-11D3-BF4B-00C04F79EFBC}") = "Titanium.Test", "Titanium.Test\Titanium.Test.csproj", "{CF23E9C8-3878-41A9-971F-27CBB6DD2B85}"
EndProject
Project("{FAE04EC0-301F-11D3-BF4B-00C04F79EFBC}") = "Titanium.Core", "Titanium.Core\Titanium.Core.csproj", "{B93ABD2A-280F-42E1-AF33-29CEA3239CA3}"
EndProject
Global
	GlobalSection(SolutionConfigurationPlatforms) = preSolution
		Debug|Any CPU = Debug|Any CPU
		Release|Any CPU = Release|Any CPU
	EndGlobalSection
	GlobalSection(ProjectConfigurationPlatforms) = postSolution
		{CF23E9C8-3878-41A9-971F-27CBB6DD2B85}.Debug|Any CPU.ActiveCfg = Debug|Any CPU
		{CF23E9C8-3878-41A9-971F-27CBB6DD2B85}.Debug|Any CPU.Build.0 = Debug|Any CPU
		{CF23E9C8-3878-41A9-971F-27CBB6DD2B85}.Release|Any CPU.ActiveCfg = Release|Any CPU
		{CF23E9C8-3878-41A9-971F-27CBB6DD2B85}.Release|Any CPU.Build.0 = Release|Any CPU
		{B93ABD2A-280F-42E1-AF33-29CEA3239CA3}.Debug|Any CPU.ActiveCfg = Debug|Any CPU
		{B93ABD2A-280F-42E1-AF33-29CEA3239CA3}.Debug|Any CPU.Build.0 = Debug|Any CPU
		{B93ABD2A-280F-42E1-AF33-29CEA3239CA3}.Release|Any CPU.ActiveCfg = Release|Any CPU
		{B93ABD2A-280F-42E1-AF33-29CEA3239CA3}.Release|Any CPU.Build.0 = Release|Any CPU
	EndGlobalSection
	GlobalSection(SolutionProperties) = preSolution
		HideSolutionNode = FALSE
	EndGlobalSection
EndGlobal
